{
    "version": 3,
    "terraform_version": "0.12.31",
    "serial": 1,
    "lineage": "d4ad844c-2714-8aa1-60d3-50f7f6cd29ef",
    "modules": [
        {
            "path": [
                "root"
            ],
            "outputs": {
                "aws_api_gateway_api_key_tfer--sbxapikey_id": {
                    "sensitive": false,
                    "type": "string",
                    "value": "iznvhrefni"
                },
                "aws_api_gateway_integration_response_tfer--u9d2pofs6g-002F-5e9puq-002F-POST-002F-200_id": {
                    "sensitive": false,
                    "type": "string",
                    "value": "u9d2pofs6g/5e9puq/POST/200"
                },
                "aws_api_gateway_integration_response_tfer--u9d2pofs6g-002F-5yey1r-002F-GET-002F-200_id": {
                    "sensitive": false,
                    "type": "string",
                    "value": "u9d2pofs6g/5yey1r/GET/200"
                },
                "aws_api_gateway_integration_response_tfer--u9d2pofs6g-002F-7gpkeg-002F-PUT-002F-200_id": {
                    "sensitive": false,
                    "type": "string",
                    "value": "u9d2pofs6g/7gpkeg/PUT/200"
                },
                "aws_api_gateway_integration_response_tfer--u9d2pofs6g-002F-hbhnss-002F-PUT-002F-200_id": {
                    "sensitive": false,
                    "type": "string",
                    "value": "u9d2pofs6g/hbhnss/PUT/200"
                },
                "aws_api_gateway_integration_response_tfer--u9d2pofs6g-002F-hrec4y-002F-PUT-002F-200_id": {
                    "sensitive": false,
                    "type": "string",
                    "value": "u9d2pofs6g/hrec4y/PUT/200"
                },
                "aws_api_gateway_integration_response_tfer--u9d2pofs6g-002F-ifjtt0-002F-PUT-002F-200_id": {
                    "sensitive": false,
                    "type": "string",
                    "value": "u9d2pofs6g/ifjtt0/PUT/200"
                },
                "aws_api_gateway_integration_response_tfer--u9d2pofs6g-002F-sy15b5-002F-PUT-002F-200_id": {
                    "sensitive": false,
                    "type": "string",
                    "value": "u9d2pofs6g/sy15b5/PUT/200"
                },
                "aws_api_gateway_integration_response_tfer--u9d2pofs6g-002F-t6wtmg-002F-POST-002F-200_id": {
                    "sensitive": false,
                    "type": "string",
                    "value": "u9d2pofs6g/t6wtmg/POST/200"
                },
                "aws_api_gateway_integration_tfer--u9d2pofs6g-002F-5e9puq-002F-POST_id": {
                    "sensitive": false,
                    "type": "string",
                    "value": "u9d2pofs6g/5e9puq/POST"
                },
                "aws_api_gateway_integration_tfer--u9d2pofs6g-002F-5yey1r-002F-GET_id": {
                    "sensitive": false,
                    "type": "string",
                    "value": "u9d2pofs6g/5yey1r/GET"
                },
                "aws_api_gateway_integration_tfer--u9d2pofs6g-002F-7gpkeg-002F-PUT_id": {
                    "sensitive": false,
                    "type": "string",
                    "value": "u9d2pofs6g/7gpkeg/PUT"
                },
                "aws_api_gateway_integration_tfer--u9d2pofs6g-002F-hbhnss-002F-PUT_id": {
                    "sensitive": false,
                    "type": "string",
                    "value": "u9d2pofs6g/hbhnss/PUT"
                },
                "aws_api_gateway_integration_tfer--u9d2pofs6g-002F-hrec4y-002F-PUT_id": {
                    "sensitive": false,
                    "type": "string",
                    "value": "u9d2pofs6g/hrec4y/PUT"
                },
                "aws_api_gateway_integration_tfer--u9d2pofs6g-002F-ifjtt0-002F-PUT_id": {
                    "sensitive": false,
                    "type": "string",
                    "value": "u9d2pofs6g/ifjtt0/PUT"
                },
                "aws_api_gateway_integration_tfer--u9d2pofs6g-002F-sy15b5-002F-PUT_id": {
                    "sensitive": false,
                    "type": "string",
                    "value": "u9d2pofs6g/sy15b5/PUT"
                },
                "aws_api_gateway_integration_tfer--u9d2pofs6g-002F-t6wtmg-002F-POST_id": {
                    "sensitive": false,
                    "type": "string",
                    "value": "u9d2pofs6g/t6wtmg/POST"
                },
                "aws_api_gateway_method_response_tfer--u9d2pofs6g-002F-5e9puq-002F-POST-002F-200_id": {
                    "sensitive": false,
                    "type": "string",
                    "value": "u9d2pofs6g/5e9puq/POST/200"
                },
                "aws_api_gateway_method_response_tfer--u9d2pofs6g-002F-5yey1r-002F-GET-002F-200_id": {
                    "sensitive": false,
                    "type": "string",
                    "value": "u9d2pofs6g/5yey1r/GET/200"
                },
                "aws_api_gateway_method_response_tfer--u9d2pofs6g-002F-7gpkeg-002F-PUT-002F-200_id": {
                    "sensitive": false,
                    "type": "string",
                    "value": "u9d2pofs6g/7gpkeg/PUT/200"
                },
                "aws_api_gateway_method_response_tfer--u9d2pofs6g-002F-hbhnss-002F-PUT-002F-200_id": {
                    "sensitive": false,
                    "type": "string",
                    "value": "u9d2pofs6g/hbhnss/PUT/200"
                },
                "aws_api_gateway_method_response_tfer--u9d2pofs6g-002F-hrec4y-002F-PUT-002F-200_id": {
                    "sensitive": false,
                    "type": "string",
                    "value": "u9d2pofs6g/hrec4y/PUT/200"
                },
                "aws_api_gateway_method_response_tfer--u9d2pofs6g-002F-ifjtt0-002F-PUT-002F-200_id": {
                    "sensitive": false,
                    "type": "string",
                    "value": "u9d2pofs6g/ifjtt0/PUT/200"
                },
                "aws_api_gateway_method_response_tfer--u9d2pofs6g-002F-sy15b5-002F-PUT-002F-200_id": {
                    "sensitive": false,
                    "type": "string",
                    "value": "u9d2pofs6g/sy15b5/PUT/200"
                },
                "aws_api_gateway_method_response_tfer--u9d2pofs6g-002F-t6wtmg-002F-POST-002F-200_id": {
                    "sensitive": false,
                    "type": "string",
                    "value": "u9d2pofs6g/t6wtmg/POST/200"
                },
                "aws_api_gateway_method_tfer--u9d2pofs6g-002F-5e9puq-002F-POST_id": {
                    "sensitive": false,
                    "type": "string",
                    "value": "u9d2pofs6g/5e9puq/POST"
                },
                "aws_api_gateway_method_tfer--u9d2pofs6g-002F-5yey1r-002F-GET_id": {
                    "sensitive": false,
                    "type": "string",
                    "value": "u9d2pofs6g/5yey1r/GET"
                },
                "aws_api_gateway_method_tfer--u9d2pofs6g-002F-7gpkeg-002F-PUT_id": {
                    "sensitive": false,
                    "type": "string",
                    "value": "u9d2pofs6g/7gpkeg/PUT"
                },
                "aws_api_gateway_method_tfer--u9d2pofs6g-002F-hbhnss-002F-PUT_id": {
                    "sensitive": false,
                    "type": "string",
                    "value": "u9d2pofs6g/hbhnss/PUT"
                },
                "aws_api_gateway_method_tfer--u9d2pofs6g-002F-hrec4y-002F-PUT_id": {
                    "sensitive": false,
                    "type": "string",
                    "value": "u9d2pofs6g/hrec4y/PUT"
                },
                "aws_api_gateway_method_tfer--u9d2pofs6g-002F-ifjtt0-002F-PUT_id": {
                    "sensitive": false,
                    "type": "string",
                    "value": "u9d2pofs6g/ifjtt0/PUT"
                },
                "aws_api_gateway_method_tfer--u9d2pofs6g-002F-sy15b5-002F-PUT_id": {
                    "sensitive": false,
                    "type": "string",
                    "value": "u9d2pofs6g/sy15b5/PUT"
                },
                "aws_api_gateway_method_tfer--u9d2pofs6g-002F-t6wtmg-002F-POST_id": {
                    "sensitive": false,
                    "type": "string",
                    "value": "u9d2pofs6g/t6wtmg/POST"
                },
                "aws_api_gateway_model_tfer--lmfr5e_id": {
                    "sensitive": false,
                    "type": "string",
                    "value": "lmfr5e"
                },
                "aws_api_gateway_model_tfer--u6yz90_id": {
                    "sensitive": false,
                    "type": "string",
                    "value": "u6yz90"
                },
                "aws_api_gateway_resource_tfer--1e2kcb_id": {
                    "sensitive": false,
                    "type": "string",
                    "value": "1e2kcb"
                },
                "aws_api_gateway_resource_tfer--5e9puq_id": {
                    "sensitive": false,
                    "type": "string",
                    "value": "5e9puq"
                },
                "aws_api_gateway_resource_tfer--5yey1r_id": {
                    "sensitive": false,
                    "type": "string",
                    "value": "5yey1r"
                },
                "aws_api_gateway_resource_tfer--7gpkeg_id": {
                    "sensitive": false,
                    "type": "string",
                    "value": "7gpkeg"
                },
                "aws_api_gateway_resource_tfer--at6tcp_id": {
                    "sensitive": false,
                    "type": "string",
                    "value": "at6tcp"
                },
                "aws_api_gateway_resource_tfer--d9kaqx1pfa_id": {
                    "sensitive": false,
                    "type": "string",
                    "value": "d9kaqx1pfa"
                },
                "aws_api_gateway_resource_tfer--hbhnss_id": {
                    "sensitive": false,
                    "type": "string",
                    "value": "hbhnss"
                },
                "aws_api_gateway_resource_tfer--hrec4y_id": {
                    "sensitive": false,
                    "type": "string",
                    "value": "hrec4y"
                },
                "aws_api_gateway_resource_tfer--ifjtt0_id": {
                    "sensitive": false,
                    "type": "string",
                    "value": "ifjtt0"
                },
                "aws_api_gateway_resource_tfer--soadox_id": {
                    "sensitive": false,
                    "type": "string",
                    "value": "soadox"
                },
                "aws_api_gateway_resource_tfer--sy15b5_id": {
                    "sensitive": false,
                    "type": "string",
                    "value": "sy15b5"
                },
                "aws_api_gateway_resource_tfer--t0kkae_id": {
                    "sensitive": false,
                    "type": "string",
                    "value": "t0kkae"
                },
                "aws_api_gateway_resource_tfer--t6wtmg_id": {
                    "sensitive": false,
                    "type": "string",
                    "value": "t6wtmg"
                },
                "aws_api_gateway_resource_tfer--us6q6e_id": {
                    "sensitive": false,
                    "type": "string",
                    "value": "us6q6e"
                },
                "aws_api_gateway_resource_tfer--v4ydtb_id": {
                    "sensitive": false,
                    "type": "string",
                    "value": "v4ydtb"
                },
                "aws_api_gateway_rest_api_tfer--u9d2pofs6g_Serapis_id": {
                    "sensitive": false,
                    "type": "string",
                    "value": "u9d2pofs6g"
                },
                "aws_api_gateway_stage_tfer--u9d2pofs6g-002F-sbx_id": {
                    "sensitive": false,
                    "type": "string",
                    "value": "u9d2pofs6g/sbx"
                },
                "aws_api_gateway_usage_plan_tfer--serapis_sbx_api_id": {
                    "sensitive": false,
                    "type": "string",
                    "value": "v3iix6"
                }
            },
            "resources": {
                "aws_api_gateway_api_key.tfer--sbxapikey": {
                    "type": "aws_api_gateway_api_key",
                    "depends_on": [],
                    "primary": {
                        "id": "iznvhrefni",
                        "attributes": {
                            "arn": "arn:aws:apigateway:us-east-2::/apikeys/iznvhrefni",
                            "created_date": "2024-07-23T17:18:21Z",
                            "customer_id": "",
                            "description": "API key for the Sandbox Environment",
                            "enabled": "true",
                            "id": "iznvhrefni",
                            "last_updated_date": "2024-07-23T17:18:21Z",
                            "name": "sbxapikey",
                            "tags.%": "0",
                            "tags_all.%": "0",
                            "value": "9lmRsgAvp88CoxOyLio76yvkIsLwVMa7hEYksU4b"
                        },
                        "meta": {
                            "schema_version": 0
                        },
                        "tainted": false
                    },
                    "deposed": [],
                    "provider": "provider.aws"
                },
                "aws_api_gateway_integration.tfer--u9d2pofs6g-002F-5e9puq-002F-POST": {
                    "type": "aws_api_gateway_integration",
                    "depends_on": [],
                    "primary": {
                        "id": "u9d2pofs6g/5e9puq/POST",
                        "attributes": {
                            "cache_key_parameters.#": "0",
                            "cache_namespace": "5e9puq",
                            "connection_id": "",
                            "connection_type": "INTERNET",
                            "content_handling": "CONVERT_TO_TEXT",
                            "credentials": "",
                            "http_method": "POST",
                            "id": "u9d2pofs6g/5e9puq/POST",
                            "integration_http_method": "POST",
                            "passthrough_behavior": "WHEN_NO_MATCH",
                            "request_parameters.%": "0",
                            "request_templates.%": "0",
                            "resource_id": "5e9puq",
                            "rest_api_id": "u9d2pofs6g",
                            "timeout_milliseconds": "29000",
                            "tls_config.#": "0",
                            "type": "AWS_PROXY",
                            "uri": "arn:aws:apigateway:us-east-2:lambda:path/2015-03-31/functions/arn:aws:lambda:us-east-2:590184048547:function:serapis_dummy/invocations"
                        },
                        "meta": {
                            "schema_version": 0
                        },
                        "tainted": false
                    },
                    "deposed": [],
                    "provider": "provider.aws"
                },
                "aws_api_gateway_integration.tfer--u9d2pofs6g-002F-5yey1r-002F-GET": {
                    "type": "aws_api_gateway_integration",
                    "depends_on": [],
                    "primary": {
                        "id": "u9d2pofs6g/5yey1r/GET",
                        "attributes": {
                            "cache_key_parameters.#": "0",
                            "cache_namespace": "5yey1r",
                            "connection_id": "",
                            "connection_type": "INTERNET",
                            "content_handling": "CONVERT_TO_TEXT",
                            "credentials": "",
                            "http_method": "GET",
                            "id": "u9d2pofs6g/5yey1r/GET",
                            "integration_http_method": "POST",
                            "passthrough_behavior": "WHEN_NO_MATCH",
                            "request_parameters.%": "0",
                            "request_templates.%": "0",
                            "resource_id": "5yey1r",
                            "rest_api_id": "u9d2pofs6g",
                            "timeout_milliseconds": "29000",
                            "tls_config.#": "0",
                            "type": "AWS_PROXY",
                            "uri": "arn:aws:apigateway:us-east-2:lambda:path/2015-03-31/functions/arn:aws:lambda:us-east-2:590184048547:function:serapis_querystatus/invocations"
                        },
                        "meta": {
                            "schema_version": 0
                        },
                        "tainted": false
                    },
                    "deposed": [],
                    "provider": "provider.aws"
                },
                "aws_api_gateway_integration.tfer--u9d2pofs6g-002F-7gpkeg-002F-PUT": {
                    "type": "aws_api_gateway_integration",
                    "depends_on": [],
                    "primary": {
                        "id": "u9d2pofs6g/7gpkeg/PUT",
                        "attributes": {
                            "cache_key_parameters.#": "0",
                            "cache_namespace": "7gpkeg",
                            "connection_id": "",
                            "connection_type": "INTERNET",
                            "content_handling": "CONVERT_TO_TEXT",
                            "credentials": "",
                            "http_method": "PUT",
                            "id": "u9d2pofs6g/7gpkeg/PUT",
                            "integration_http_method": "POST",
                            "passthrough_behavior": "WHEN_NO_MATCH",
                            "request_parameters.%": "0",
                            "request_templates.%": "0",
                            "resource_id": "7gpkeg",
                            "rest_api_id": "u9d2pofs6g",
                            "timeout_milliseconds": "29000",
                            "tls_config.#": "0",
                            "type": "AWS_PROXY",
                            "uri": "arn:aws:apigateway:us-east-2:lambda:path/2015-03-31/functions/arn:aws:lambda:us-east-2:590184048547:function:serapis_mintreq_cru/invocations"
                        },
                        "meta": {
                            "schema_version": 0
                        },
                        "tainted": false
                    },
                    "deposed": [],
                    "provider": "provider.aws"
                },
                "aws_api_gateway_integration.tfer--u9d2pofs6g-002F-hbhnss-002F-PUT": {
                    "type": "aws_api_gateway_integration",
                    "depends_on": [],
                    "primary": {
                        "id": "u9d2pofs6g/hbhnss/PUT",
                        "attributes": {
                            "cache_key_parameters.#": "0",
                            "cache_namespace": "hbhnss",
                            "connection_id": "",
                            "connection_type": "INTERNET",
                            "content_handling": "CONVERT_TO_TEXT",
                            "credentials": "",
                            "http_method": "PUT",
                            "id": "u9d2pofs6g/hbhnss/PUT",
                            "integration_http_method": "POST",
                            "passthrough_behavior": "WHEN_NO_MATCH",
                            "request_parameters.%": "0",
                            "request_templates.%": "0",
                            "resource_id": "hbhnss",
                            "rest_api_id": "u9d2pofs6g",
                            "timeout_milliseconds": "29000",
                            "tls_config.#": "0",
                            "type": "AWS_PROXY",
                            "uri": "arn:aws:apigateway:us-east-2:lambda:path/2015-03-31/functions/arn:aws:lambda:us-east-2:590184048547:function:serapis_neworg/invocations"
                        },
                        "meta": {
                            "schema_version": 0
                        },
                        "tainted": false
                    },
                    "deposed": [],
                    "provider": "provider.aws"
                },
                "aws_api_gateway_integration.tfer--u9d2pofs6g-002F-hrec4y-002F-PUT": {
                    "type": "aws_api_gateway_integration",
                    "depends_on": [],
                    "primary": {
                        "id": "u9d2pofs6g/hrec4y/PUT",
                        "attributes": {
                            "cache_key_parameters.#": "0",
                            "cache_namespace": "hrec4y",
                            "connection_id": "",
                            "connection_type": "INTERNET",
                            "content_handling": "CONVERT_TO_TEXT",
                            "credentials": "",
                            "http_method": "PUT",
                            "id": "u9d2pofs6g/hrec4y/PUT",
                            "integration_http_method": "POST",
                            "passthrough_behavior": "WHEN_NO_MATCH",
                            "request_parameters.%": "0",
                            "request_templates.%": "0",
                            "resource_id": "hrec4y",
                            "rest_api_id": "u9d2pofs6g",
                            "timeout_milliseconds": "29000",
                            "tls_config.#": "0",
                            "type": "AWS_PROXY",
                            "uri": "arn:aws:apigateway:us-east-2:lambda:path/2015-03-31/functions/arn:aws:lambda:us-east-2:590184048547:function:serapis_entchange/invocations"
                        },
                        "meta": {
                            "schema_version": 0
                        },
                        "tainted": false
                    },
                    "deposed": [],
                    "provider": "provider.aws"
                },
                "aws_api_gateway_integration.tfer--u9d2pofs6g-002F-ifjtt0-002F-PUT": {
                    "type": "aws_api_gateway_integration",
                    "depends_on": [],
                    "primary": {
                        "id": "u9d2pofs6g/ifjtt0/PUT",
                        "attributes": {
                            "cache_key_parameters.#": "0",
                            "cache_namespace": "ifjtt0",
                            "connection_id": "",
                            "connection_type": "INTERNET",
                            "content_handling": "CONVERT_TO_TEXT",
                            "credentials": "",
                            "http_method": "PUT",
                            "id": "u9d2pofs6g/ifjtt0/PUT",
                            "integration_http_method": "POST",
                            "passthrough_behavior": "WHEN_NO_MATCH",
                            "request_parameters.%": "0",
                            "request_templates.%": "0",
                            "resource_id": "ifjtt0",
                            "rest_api_id": "u9d2pofs6g",
                            "timeout_milliseconds": "29000",
                            "tls_config.#": "0",
                            "type": "AWS_PROXY",
                            "uri": "arn:aws:apigateway:us-east-2:lambda:path/2015-03-31/functions/arn:aws:lambda:us-east-2:590184048547:function:serapis_mintreq_cet/invocations"
                        },
                        "meta": {
                            "schema_version": 0
                        },
                        "tainted": false
                    },
                    "deposed": [],
                    "provider": "provider.aws"
                },
                "aws_api_gateway_integration.tfer--u9d2pofs6g-002F-sy15b5-002F-PUT": {
                    "type": "aws_api_gateway_integration",
                    "depends_on": [],
                    "primary": {
                        "id": "u9d2pofs6g/sy15b5/PUT",
                        "attributes": {
                            "cache_key_parameters.#": "0",
                            "cache_namespace": "sy15b5",
                            "connection_id": "",
                            "connection_type": "INTERNET",
                            "content_handling": "CONVERT_TO_TEXT",
                            "credentials": "",
                            "http_method": "PUT",
                            "id": "u9d2pofs6g/sy15b5/PUT",
                            "integration_http_method": "POST",
                            "passthrough_behavior": "WHEN_NO_MATCH",
                            "request_parameters.%": "0",
                            "request_templates.%": "0",
                            "resource_id": "sy15b5",
                            "rest_api_id": "u9d2pofs6g",
                            "timeout_milliseconds": "29000",
                            "tls_config.#": "0",
                            "type": "AWS_PROXY",
                            "uri": "arn:aws:apigateway:us-east-2:lambda:path/2015-03-31/functions/arn:aws:lambda:us-east-2:590184048547:function:serapis_mintreq_rec/invocations"
                        },
                        "meta": {
                            "schema_version": 0
                        },
                        "tainted": false
                    },
                    "deposed": [],
                    "provider": "provider.aws"
                },
                "aws_api_gateway_integration.tfer--u9d2pofs6g-002F-t6wtmg-002F-POST": {
                    "type": "aws_api_gateway_integration",
                    "depends_on": [],
                    "primary": {
                        "id": "u9d2pofs6g/t6wtmg/POST",
                        "attributes": {
                            "cache_key_parameters.#": "0",
                            "cache_namespace": "t6wtmg",
                            "connection_id": "",
                            "connection_type": "INTERNET",
                            "content_handling": "CONVERT_TO_TEXT",
                            "credentials": "",
                            "http_method": "POST",
                            "id": "u9d2pofs6g/t6wtmg/POST",
                            "integration_http_method": "POST",
                            "passthrough_behavior": "WHEN_NO_MATCH",
                            "request_parameters.%": "0",
                            "request_templates.%": "0",
                            "resource_id": "t6wtmg",
                            "rest_api_id": "u9d2pofs6g",
                            "timeout_milliseconds": "29000",
                            "tls_config.#": "0",
                            "type": "AWS_PROXY",
                            "uri": "arn:aws:apigateway:us-east-2:lambda:path/2015-03-31/functions/arn:aws:lambda:us-east-2:590184048547:function:serapis_echo/invocations"
                        },
                        "meta": {
                            "schema_version": 0
                        },
                        "tainted": false
                    },
                    "deposed": [],
                    "provider": "provider.aws"
                },
                "aws_api_gateway_integration_response.tfer--u9d2pofs6g-002F-5e9puq-002F-POST-002F-200": {
                    "type": "aws_api_gateway_integration_response",
                    "depends_on": [],
                    "primary": {
                        "id": "u9d2pofs6g/5e9puq/POST/200",
                        "attributes": {
                            "content_handling": "",
                            "http_method": "POST",
                            "id": "u9d2pofs6g/5e9puq/POST/200",
                            "resource_id": "5e9puq",
                            "response_parameters.%": "0",
                            "response_templates.%": "1",
                            "response_templates.application/json": "",
                            "rest_api_id": "u9d2pofs6g",
                            "selection_pattern": "",
                            "status_code": "200"
                        },
                        "meta": {
                            "schema_version": 0
                        },
                        "tainted": false
                    },
                    "deposed": [],
                    "provider": "provider.aws"
                },
                "aws_api_gateway_integration_response.tfer--u9d2pofs6g-002F-5yey1r-002F-GET-002F-200": {
                    "type": "aws_api_gateway_integration_response",
                    "depends_on": [],
                    "primary": {
                        "id": "u9d2pofs6g/5yey1r/GET/200",
                        "attributes": {
                            "content_handling": "",
                            "http_method": "GET",
                            "id": "u9d2pofs6g/5yey1r/GET/200",
                            "resource_id": "5yey1r",
                            "response_parameters.%": "0",
                            "response_templates.%": "1",
                            "response_templates.application/json": "",
                            "rest_api_id": "u9d2pofs6g",
                            "selection_pattern": "",
                            "status_code": "200"
                        },
                        "meta": {
                            "schema_version": 0
                        },
                        "tainted": false
                    },
                    "deposed": [],
                    "provider": "provider.aws"
                },
                "aws_api_gateway_integration_response.tfer--u9d2pofs6g-002F-7gpkeg-002F-PUT-002F-200": {
                    "type": "aws_api_gateway_integration_response",
                    "depends_on": [],
                    "primary": {
                        "id": "u9d2pofs6g/7gpkeg/PUT/200",
                        "attributes": {
                            "content_handling": "",
                            "http_method": "PUT",
                            "id": "u9d2pofs6g/7gpkeg/PUT/200",
                            "resource_id": "7gpkeg",
                            "response_parameters.%": "0",
                            "response_templates.%": "1",
                            "response_templates.application/json": "",
                            "rest_api_id": "u9d2pofs6g",
                            "selection_pattern": "",
                            "status_code": "200"
                        },
                        "meta": {
                            "schema_version": 0
                        },
                        "tainted": false
                    },
                    "deposed": [],
                    "provider": "provider.aws"
                },
                "aws_api_gateway_integration_response.tfer--u9d2pofs6g-002F-hbhnss-002F-PUT-002F-200": {
                    "type": "aws_api_gateway_integration_response",
                    "depends_on": [],
                    "primary": {
                        "id": "u9d2pofs6g/hbhnss/PUT/200",
                        "attributes": {
                            "content_handling": "",
                            "http_method": "PUT",
                            "id": "u9d2pofs6g/hbhnss/PUT/200",
                            "resource_id": "hbhnss",
                            "response_parameters.%": "0",
                            "response_templates.%": "1",
                            "response_templates.application/json": "",
                            "rest_api_id": "u9d2pofs6g",
                            "selection_pattern": "",
                            "status_code": "200"
                        },
                        "meta": {
                            "schema_version": 0
                        },
                        "tainted": false
                    },
                    "deposed": [],
                    "provider": "provider.aws"
                },
                "aws_api_gateway_integration_response.tfer--u9d2pofs6g-002F-hrec4y-002F-PUT-002F-200": {
                    "type": "aws_api_gateway_integration_response",
                    "depends_on": [],
                    "primary": {
                        "id": "u9d2pofs6g/hrec4y/PUT/200",
                        "attributes": {
                            "content_handling": "",
                            "http_method": "PUT",
                            "id": "u9d2pofs6g/hrec4y/PUT/200",
                            "resource_id": "hrec4y",
                            "response_parameters.%": "0",
                            "response_templates.%": "1",
                            "response_templates.application/json": "",
                            "rest_api_id": "u9d2pofs6g",
                            "selection_pattern": "",
                            "status_code": "200"
                        },
                        "meta": {
                            "schema_version": 0
                        },
                        "tainted": false
                    },
                    "deposed": [],
                    "provider": "provider.aws"
                },
                "aws_api_gateway_integration_response.tfer--u9d2pofs6g-002F-ifjtt0-002F-PUT-002F-200": {
                    "type": "aws_api_gateway_integration_response",
                    "depends_on": [],
                    "primary": {
                        "id": "u9d2pofs6g/ifjtt0/PUT/200",
                        "attributes": {
                            "content_handling": "",
                            "http_method": "PUT",
                            "id": "u9d2pofs6g/ifjtt0/PUT/200",
                            "resource_id": "ifjtt0",
                            "response_parameters.%": "0",
                            "response_templates.%": "1",
                            "response_templates.application/json": "",
                            "rest_api_id": "u9d2pofs6g",
                            "selection_pattern": "",
                            "status_code": "200"
                        },
                        "meta": {
                            "schema_version": 0
                        },
                        "tainted": false
                    },
                    "deposed": [],
                    "provider": "provider.aws"
                },
                "aws_api_gateway_integration_response.tfer--u9d2pofs6g-002F-sy15b5-002F-PUT-002F-200": {
                    "type": "aws_api_gateway_integration_response",
                    "depends_on": [],
                    "primary": {
                        "id": "u9d2pofs6g/sy15b5/PUT/200",
                        "attributes": {
                            "content_handling": "",
                            "http_method": "PUT",
                            "id": "u9d2pofs6g/sy15b5/PUT/200",
                            "resource_id": "sy15b5",
                            "response_parameters.%": "0",
                            "response_templates.%": "1",
                            "response_templates.application/json": "",
                            "rest_api_id": "u9d2pofs6g",
                            "selection_pattern": "",
                            "status_code": "200"
                        },
                        "meta": {
                            "schema_version": 0
                        },
                        "tainted": false
                    },
                    "deposed": [],
                    "provider": "provider.aws"
                },
                "aws_api_gateway_integration_response.tfer--u9d2pofs6g-002F-t6wtmg-002F-POST-002F-200": {
                    "type": "aws_api_gateway_integration_response",
                    "depends_on": [],
                    "primary": {
                        "id": "u9d2pofs6g/t6wtmg/POST/200",
                        "attributes": {
                            "content_handling": "",
                            "http_method": "POST",
                            "id": "u9d2pofs6g/t6wtmg/POST/200",
                            "resource_id": "t6wtmg",
                            "response_parameters.%": "0",
                            "response_templates.%": "1",
                            "response_templates.application/json": "",
                            "rest_api_id": "u9d2pofs6g",
                            "selection_pattern": "",
                            "status_code": "200"
                        },
                        "meta": {
                            "schema_version": 0
                        },
                        "tainted": false
                    },
                    "deposed": [],
                    "provider": "provider.aws"
                },
                "aws_api_gateway_method.tfer--u9d2pofs6g-002F-5e9puq-002F-POST": {
                    "type": "aws_api_gateway_method",
                    "depends_on": [],
                    "primary": {
                        "id": "u9d2pofs6g/5e9puq/POST",
                        "attributes": {
                            "api_key_required": "true",
                            "authorization": "NONE",
                            "authorization_scopes.#": "0",
                            "authorizer_id": "",
                            "http_method": "POST",
                            "id": "u9d2pofs6g/5e9puq/POST",
                            "operation_name": "",
                            "request_models.%": "0",
                            "request_parameters.%": "0",
                            "request_validator_id": "",
                            "resource_id": "5e9puq",
                            "rest_api_id": "u9d2pofs6g"
                        },
                        "meta": {
                            "schema_version": 0
                        },
                        "tainted": false
                    },
                    "deposed": [],
                    "provider": "provider.aws"
                },
                "aws_api_gateway_method.tfer--u9d2pofs6g-002F-5yey1r-002F-GET": {
                    "type": "aws_api_gateway_method",
                    "depends_on": [],
                    "primary": {
                        "id": "u9d2pofs6g/5yey1r/GET",
                        "attributes": {
                            "api_key_required": "true",
                            "authorization": "NONE",
                            "authorization_scopes.#": "0",
                            "authorizer_id": "",
                            "http_method": "GET",
                            "id": "u9d2pofs6g/5yey1r/GET",
                            "operation_name": "",
                            "request_models.%": "0",
                            "request_parameters.%": "1",
                            "request_parameters.method.request.path.requestid": "true",
                            "request_validator_id": "",
                            "resource_id": "5yey1r",
                            "rest_api_id": "u9d2pofs6g"
                        },
                        "meta": {
                            "schema_version": 0
                        },
                        "tainted": false
                    },
                    "deposed": [],
                    "provider": "provider.aws"
                },
                "aws_api_gateway_method.tfer--u9d2pofs6g-002F-7gpkeg-002F-PUT": {
                    "type": "aws_api_gateway_method",
                    "depends_on": [],
                    "primary": {
                        "id": "u9d2pofs6g/7gpkeg/PUT",
                        "attributes": {
                            "api_key_required": "true",
                            "authorization": "NONE",
                            "authorization_scopes.#": "0",
                            "authorizer_id": "",
                            "http_method": "PUT",
                            "id": "u9d2pofs6g/7gpkeg/PUT",
                            "operation_name": "",
                            "request_models.%": "0",
                            "request_parameters.%": "1",
                            "request_parameters.method.request.path.requestid": "true",
                            "request_validator_id": "",
                            "resource_id": "7gpkeg",
                            "rest_api_id": "u9d2pofs6g"
                        },
                        "meta": {
                            "schema_version": 0
                        },
                        "tainted": false
                    },
                    "deposed": [],
                    "provider": "provider.aws"
                },
                "aws_api_gateway_method.tfer--u9d2pofs6g-002F-hbhnss-002F-PUT": {
                    "type": "aws_api_gateway_method",
                    "depends_on": [],
                    "primary": {
                        "id": "u9d2pofs6g/hbhnss/PUT",
                        "attributes": {
                            "api_key_required": "true",
                            "authorization": "NONE",
                            "authorization_scopes.#": "0",
                            "authorizer_id": "",
                            "http_method": "PUT",
                            "id": "u9d2pofs6g/hbhnss/PUT",
                            "operation_name": "",
                            "request_models.%": "0",
                            "request_parameters.%": "1",
                            "request_parameters.method.request.path.orgid": "true",
                            "request_validator_id": "",
                            "resource_id": "hbhnss",
                            "rest_api_id": "u9d2pofs6g"
                        },
                        "meta": {
                            "schema_version": 0
                        },
                        "tainted": false
                    },
                    "deposed": [],
                    "provider": "provider.aws"
                },
                "aws_api_gateway_method.tfer--u9d2pofs6g-002F-hrec4y-002F-PUT": {
                    "type": "aws_api_gateway_method",
                    "depends_on": [],
                    "primary": {
                        "id": "u9d2pofs6g/hrec4y/PUT",
                        "attributes": {
                            "api_key_required": "true",
                            "authorization": "NONE",
                            "authorization_scopes.#": "0",
                            "authorizer_id": "",
                            "http_method": "PUT",
                            "id": "u9d2pofs6g/hrec4y/PUT",
                            "operation_name": "",
                            "request_models.%": "0",
                            "request_parameters.%": "0",
                            "request_validator_id": "",
                            "resource_id": "hrec4y",
                            "rest_api_id": "u9d2pofs6g"
                        },
                        "meta": {
                            "schema_version": 0
                        },
                        "tainted": false
                    },
                    "deposed": [],
                    "provider": "provider.aws"
                },
                "aws_api_gateway_method.tfer--u9d2pofs6g-002F-ifjtt0-002F-PUT": {
                    "type": "aws_api_gateway_method",
                    "depends_on": [],
                    "primary": {
                        "id": "u9d2pofs6g/ifjtt0/PUT",
                        "attributes": {
                            "api_key_required": "true",
                            "authorization": "NONE",
                            "authorization_scopes.#": "0",
                            "authorizer_id": "",
                            "http_method": "PUT",
                            "id": "u9d2pofs6g/ifjtt0/PUT",
                            "operation_name": "",
                            "request_models.%": "0",
                            "request_parameters.%": "1",
                            "request_parameters.method.request.path.requestid": "true",
                            "request_validator_id": "",
                            "resource_id": "ifjtt0",
                            "rest_api_id": "u9d2pofs6g"
                        },
                        "meta": {
                            "schema_version": 0
                        },
                        "tainted": false
                    },
                    "deposed": [],
                    "provider": "provider.aws"
                },
                "aws_api_gateway_method.tfer--u9d2pofs6g-002F-sy15b5-002F-PUT": {
                    "type": "aws_api_gateway_method",
                    "depends_on": [],
                    "primary": {
                        "id": "u9d2pofs6g/sy15b5/PUT",
                        "attributes": {
                            "api_key_required": "true",
                            "authorization": "NONE",
                            "authorization_scopes.#": "0",
                            "authorizer_id": "",
                            "http_method": "PUT",
                            "id": "u9d2pofs6g/sy15b5/PUT",
                            "operation_name": "",
                            "request_models.%": "0",
                            "request_parameters.%": "1",
                            "request_parameters.method.request.path.requestid": "true",
                            "request_validator_id": "",
                            "resource_id": "sy15b5",
                            "rest_api_id": "u9d2pofs6g"
                        },
                        "meta": {
                            "schema_version": 0
                        },
                        "tainted": false
                    },
                    "deposed": [],
                    "provider": "provider.aws"
                },
                "aws_api_gateway_method.tfer--u9d2pofs6g-002F-t6wtmg-002F-POST": {
                    "type": "aws_api_gateway_method",
                    "depends_on": [],
                    "primary": {
                        "id": "u9d2pofs6g/t6wtmg/POST",
                        "attributes": {
                            "api_key_required": "true",
                            "authorization": "NONE",
                            "authorization_scopes.#": "0",
                            "authorizer_id": "",
                            "http_method": "POST",
                            "id": "u9d2pofs6g/t6wtmg/POST",
                            "operation_name": "",
                            "request_models.%": "0",
                            "request_parameters.%": "0",
                            "request_validator_id": "",
                            "resource_id": "t6wtmg",
                            "rest_api_id": "u9d2pofs6g"
                        },
                        "meta": {
                            "schema_version": 0
                        },
                        "tainted": false
                    },
                    "deposed": [],
                    "provider": "provider.aws"
                },
                "aws_api_gateway_method_response.tfer--u9d2pofs6g-002F-5e9puq-002F-POST-002F-200": {
                    "type": "aws_api_gateway_method_response",
                    "depends_on": [],
                    "primary": {
                        "id": "u9d2pofs6g/5e9puq/POST/200",
                        "attributes": {
                            "http_method": "POST",
                            "id": "u9d2pofs6g/5e9puq/POST/200",
                            "resource_id": "5e9puq",
                            "response_models.%": "1",
                            "response_models.application/json": "Empty",
                            "response_parameters.%": "0",
                            "rest_api_id": "u9d2pofs6g",
                            "status_code": "200"
                        },
                        "meta": {
                            "schema_version": 0
                        },
                        "tainted": false
                    },
                    "deposed": [],
                    "provider": "provider.aws"
                },
                "aws_api_gateway_method_response.tfer--u9d2pofs6g-002F-5yey1r-002F-GET-002F-200": {
                    "type": "aws_api_gateway_method_response",
                    "depends_on": [],
                    "primary": {
                        "id": "u9d2pofs6g/5yey1r/GET/200",
                        "attributes": {
                            "http_method": "GET",
                            "id": "u9d2pofs6g/5yey1r/GET/200",
                            "resource_id": "5yey1r",
                            "response_models.%": "1",
                            "response_models.application/json": "Empty",
                            "response_parameters.%": "0",
                            "rest_api_id": "u9d2pofs6g",
                            "status_code": "200"
                        },
                        "meta": {
                            "schema_version": 0
                        },
                        "tainted": false
                    },
                    "deposed": [],
                    "provider": "provider.aws"
                },
                "aws_api_gateway_method_response.tfer--u9d2pofs6g-002F-7gpkeg-002F-PUT-002F-200": {
                    "type": "aws_api_gateway_method_response",
                    "depends_on": [],
                    "primary": {
                        "id": "u9d2pofs6g/7gpkeg/PUT/200",
                        "attributes": {
                            "http_method": "PUT",
                            "id": "u9d2pofs6g/7gpkeg/PUT/200",
                            "resource_id": "7gpkeg",
                            "response_models.%": "1",
                            "response_models.application/json": "Empty",
                            "response_parameters.%": "0",
                            "rest_api_id": "u9d2pofs6g",
                            "status_code": "200"
                        },
                        "meta": {
                            "schema_version": 0
                        },
                        "tainted": false
                    },
                    "deposed": [],
                    "provider": "provider.aws"
                },
                "aws_api_gateway_method_response.tfer--u9d2pofs6g-002F-hbhnss-002F-PUT-002F-200": {
                    "type": "aws_api_gateway_method_response",
                    "depends_on": [],
                    "primary": {
                        "id": "u9d2pofs6g/hbhnss/PUT/200",
                        "attributes": {
                            "http_method": "PUT",
                            "id": "u9d2pofs6g/hbhnss/PUT/200",
                            "resource_id": "hbhnss",
                            "response_models.%": "1",
                            "response_models.application/json": "Empty",
                            "response_parameters.%": "0",
                            "rest_api_id": "u9d2pofs6g",
                            "status_code": "200"
                        },
                        "meta": {
                            "schema_version": 0
                        },
                        "tainted": false
                    },
                    "deposed": [],
                    "provider": "provider.aws"
                },
                "aws_api_gateway_method_response.tfer--u9d2pofs6g-002F-hrec4y-002F-PUT-002F-200": {
                    "type": "aws_api_gateway_method_response",
                    "depends_on": [],
                    "primary": {
                        "id": "u9d2pofs6g/hrec4y/PUT/200",
                        "attributes": {
                            "http_method": "PUT",
                            "id": "u9d2pofs6g/hrec4y/PUT/200",
                            "resource_id": "hrec4y",
                            "response_models.%": "1",
                            "response_models.application/json": "Empty",
                            "response_parameters.%": "0",
                            "rest_api_id": "u9d2pofs6g",
                            "status_code": "200"
                        },
                        "meta": {
                            "schema_version": 0
                        },
                        "tainted": false
                    },
                    "deposed": [],
                    "provider": "provider.aws"
                },
                "aws_api_gateway_method_response.tfer--u9d2pofs6g-002F-ifjtt0-002F-PUT-002F-200": {
                    "type": "aws_api_gateway_method_response",
                    "depends_on": [],
                    "primary": {
                        "id": "u9d2pofs6g/ifjtt0/PUT/200",
                        "attributes": {
                            "http_method": "PUT",
                            "id": "u9d2pofs6g/ifjtt0/PUT/200",
                            "resource_id": "ifjtt0",
                            "response_models.%": "1",
                            "response_models.application/json": "Empty",
                            "response_parameters.%": "0",
                            "rest_api_id": "u9d2pofs6g",
                            "status_code": "200"
                        },
                        "meta": {
                            "schema_version": 0
                        },
                        "tainted": false
                    },
                    "deposed": [],
                    "provider": "provider.aws"
                },
                "aws_api_gateway_method_response.tfer--u9d2pofs6g-002F-sy15b5-002F-PUT-002F-200": {
                    "type": "aws_api_gateway_method_response",
                    "depends_on": [],
                    "primary": {
                        "id": "u9d2pofs6g/sy15b5/PUT/200",
                        "attributes": {
                            "http_method": "PUT",
                            "id": "u9d2pofs6g/sy15b5/PUT/200",
                            "resource_id": "sy15b5",
                            "response_models.%": "1",
                            "response_models.application/json": "Empty",
                            "response_parameters.%": "0",
                            "rest_api_id": "u9d2pofs6g",
                            "status_code": "200"
                        },
                        "meta": {
                            "schema_version": 0
                        },
                        "tainted": false
                    },
                    "deposed": [],
                    "provider": "provider.aws"
                },
                "aws_api_gateway_method_response.tfer--u9d2pofs6g-002F-t6wtmg-002F-POST-002F-200": {
                    "type": "aws_api_gateway_method_response",
                    "depends_on": [],
                    "primary": {
                        "id": "u9d2pofs6g/t6wtmg/POST/200",
                        "attributes": {
                            "http_method": "POST",
                            "id": "u9d2pofs6g/t6wtmg/POST/200",
                            "resource_id": "t6wtmg",
                            "response_models.%": "1",
                            "response_models.application/json": "Empty",
                            "response_parameters.%": "0",
                            "rest_api_id": "u9d2pofs6g",
                            "status_code": "200"
                        },
                        "meta": {
                            "schema_version": 0
                        },
                        "tainted": false
                    },
                    "deposed": [],
                    "provider": "provider.aws"
                },
                "aws_api_gateway_model.tfer--lmfr5e": {
                    "type": "aws_api_gateway_model",
                    "depends_on": [],
                    "primary": {
                        "id": "lmfr5e",
                        "attributes": {
                            "content_type": "application/json",
                            "description": "This is a default empty schema model",
                            "id": "lmfr5e",
                            "name": "Empty",
                            "rest_api_id": "u9d2pofs6g",
                            "schema": "{\n  \"$schema\": \"http://json-schema.org/draft-04/schema#\",\n  \"title\" : \"Empty Schema\",\n  \"type\" : \"object\"\n}"
                        },
                        "meta": {
                            "schema_version": 0
                        },
                        "tainted": false
                    },
                    "deposed": [],
                    "provider": "provider.aws"
                },
                "aws_api_gateway_model.tfer--u6yz90": {
                    "type": "aws_api_gateway_model",
                    "depends_on": [],
                    "primary": {
                        "id": "u6yz90",
                        "attributes": {
                            "content_type": "application/json",
                            "description": "This is a default error schema model",
                            "id": "u6yz90",
                            "name": "Error",
                            "rest_api_id": "u9d2pofs6g",
                            "schema": "{\n  \"$schema\" : \"http://json-schema.org/draft-04/schema#\",\n  \"title\" : \"Error Schema\",\n  \"type\" : \"object\",\n  \"properties\" : {\n    \"message\" : { \"type\" : \"string\" }\n  }\n}"
                        },
                        "meta": {
                            "schema_version": 0
                        },
                        "tainted": false
                    },
                    "deposed": [],
                    "provider": "provider.aws"
                },
                "aws_api_gateway_resource.tfer--1e2kcb": {
                    "type": "aws_api_gateway_resource",
                    "depends_on": [],
                    "primary": {
                        "id": "1e2kcb",
                        "attributes": {
                            "id": "1e2kcb",
                            "parent_id": "d9kaqx1pfa",
                            "path": "/neworg",
                            "path_part": "neworg",
                            "rest_api_id": "u9d2pofs6g"
                        },
                        "meta": {
                            "schema_version": 0
                        },
                        "tainted": false
                    },
                    "deposed": [],
                    "provider": "provider.aws"
                },
                "aws_api_gateway_resource.tfer--5e9puq": {
                    "type": "aws_api_gateway_resource",
                    "depends_on": [],
                    "primary": {
                        "id": "5e9puq",
                        "attributes": {
                            "id": "5e9puq",
                            "parent_id": "d9kaqx1pfa",
                            "path": "/dummy",
                            "path_part": "dummy",
                            "rest_api_id": "u9d2pofs6g"
                        },
                        "meta": {
                            "schema_version": 0
                        },
                        "tainted": false
                    },
                    "deposed": [],
                    "provider": "provider.aws"
                },
                "aws_api_gateway_resource.tfer--5yey1r": {
                    "type": "aws_api_gateway_resource",
                    "depends_on": [],
                    "primary": {
                        "id": "5yey1r",
                        "attributes": {
                            "id": "5yey1r",
                            "parent_id": "soadox",
                            "path": "/querystatus/{requestid}",
                            "path_part": "{requestid}",
                            "rest_api_id": "u9d2pofs6g"
                        },
                        "meta": {
                            "schema_version": 0
                        },
                        "tainted": false
                    },
                    "deposed": [],
                    "provider": "provider.aws"
                },
                "aws_api_gateway_resource.tfer--7gpkeg": {
                    "type": "aws_api_gateway_resource",
                    "depends_on": [],
                    "primary": {
                        "id": "7gpkeg",
                        "attributes": {
                            "id": "7gpkeg",
                            "parent_id": "v4ydtb",
                            "path": "/mintrequest/cru/{requestid}",
                            "path_part": "{requestid}",
                            "rest_api_id": "u9d2pofs6g"
                        },
                        "meta": {
                            "schema_version": 0
                        },
                        "tainted": false
                    },
                    "deposed": [],
                    "provider": "provider.aws"
                },
                "aws_api_gateway_resource.tfer--at6tcp": {
                    "type": "aws_api_gateway_resource",
                    "depends_on": [],
                    "primary": {
                        "id": "at6tcp",
                        "attributes": {
                            "id": "at6tcp",
                            "parent_id": "d9kaqx1pfa",
                            "path": "/mintrequest",
                            "path_part": "mintrequest",
                            "rest_api_id": "u9d2pofs6g"
                        },
                        "meta": {
                            "schema_version": 0
                        },
                        "tainted": false
                    },
                    "deposed": [],
                    "provider": "provider.aws"
                },
                "aws_api_gateway_resource.tfer--d9kaqx1pfa": {
                    "type": "aws_api_gateway_resource",
                    "depends_on": [],
                    "primary": {
                        "id": "d9kaqx1pfa",
                        "attributes": {
                            "id": "d9kaqx1pfa",
                            "parent_id": "",
                            "path": "/",
                            "path_part": "",
                            "rest_api_id": "u9d2pofs6g"
                        },
                        "meta": {
                            "schema_version": 0
                        },
                        "tainted": false
                    },
                    "deposed": [],
                    "provider": "provider.aws"
                },
                "aws_api_gateway_resource.tfer--hbhnss": {
                    "type": "aws_api_gateway_resource",
                    "depends_on": [],
                    "primary": {
                        "id": "hbhnss",
                        "attributes": {
                            "id": "hbhnss",
                            "parent_id": "1e2kcb",
                            "path": "/neworg/{orgid}",
                            "path_part": "{orgid}",
                            "rest_api_id": "u9d2pofs6g"
                        },
                        "meta": {
                            "schema_version": 0
                        },
                        "tainted": false
                    },
                    "deposed": [],
                    "provider": "provider.aws"
                },
                "aws_api_gateway_resource.tfer--hrec4y": {
                    "type": "aws_api_gateway_resource",
                    "depends_on": [],
                    "primary": {
                        "id": "hrec4y",
                        "attributes": {
                            "id": "hrec4y",
                            "parent_id": "d9kaqx1pfa",
                            "path": "/entchange",
                            "path_part": "entchange",
                            "rest_api_id": "u9d2pofs6g"
                        },
                        "meta": {
                            "schema_version": 0
                        },
                        "tainted": false
                    },
                    "deposed": [],
                    "provider": "provider.aws"
                },
                "aws_api_gateway_resource.tfer--ifjtt0": {
                    "type": "aws_api_gateway_resource",
                    "depends_on": [],
                    "primary": {
                        "id": "ifjtt0",
                        "attributes": {
                            "id": "ifjtt0",
                            "parent_id": "us6q6e",
                            "path": "/mintrequest/cet/{requestid}",
                            "path_part": "{requestid}",
                            "rest_api_id": "u9d2pofs6g"
                        },
                        "meta": {
                            "schema_version": 0
                        },
                        "tainted": false
                    },
                    "deposed": [],
                    "provider": "provider.aws"
                },
                "aws_api_gateway_resource.tfer--soadox": {
                    "type": "aws_api_gateway_resource",
                    "depends_on": [],
                    "primary": {
                        "id": "soadox",
                        "attributes": {
                            "id": "soadox",
                            "parent_id": "d9kaqx1pfa",
                            "path": "/querystatus",
                            "path_part": "querystatus",
                            "rest_api_id": "u9d2pofs6g"
                        },
                        "meta": {
                            "schema_version": 0
                        },
                        "tainted": false
                    },
                    "deposed": [],
                    "provider": "provider.aws"
                },
                "aws_api_gateway_resource.tfer--sy15b5": {
                    "type": "aws_api_gateway_resource",
                    "depends_on": [],
                    "primary": {
                        "id": "sy15b5",
                        "attributes": {
                            "id": "sy15b5",
                            "parent_id": "t0kkae",
                            "path": "/mintrequest/rec/{requestid}",
                            "path_part": "{requestid}",
                            "rest_api_id": "u9d2pofs6g"
                        },
                        "meta": {
                            "schema_version": 0
                        },
                        "tainted": false
                    },
                    "deposed": [],
                    "provider": "provider.aws"
                },
                "aws_api_gateway_resource.tfer--t0kkae": {
                    "type": "aws_api_gateway_resource",
                    "depends_on": [],
                    "primary": {
                        "id": "t0kkae",
                        "attributes": {
                            "id": "t0kkae",
                            "parent_id": "at6tcp",
                            "path": "/mintrequest/rec",
                            "path_part": "rec",
                            "rest_api_id": "u9d2pofs6g"
                        },
                        "meta": {
                            "schema_version": 0
                        },
                        "tainted": false
                    },
                    "deposed": [],
                    "provider": "provider.aws"
                },
                "aws_api_gateway_resource.tfer--t6wtmg": {
                    "type": "aws_api_gateway_resource",
                    "depends_on": [],
                    "primary": {
                        "id": "t6wtmg",
                        "attributes": {
                            "id": "t6wtmg",
                            "parent_id": "d9kaqx1pfa",
                            "path": "/echo",
                            "path_part": "echo",
                            "rest_api_id": "u9d2pofs6g"
                        },
                        "meta": {
                            "schema_version": 0
                        },
                        "tainted": false
                    },
                    "deposed": [],
                    "provider": "provider.aws"
                },
                "aws_api_gateway_resource.tfer--us6q6e": {
                    "type": "aws_api_gateway_resource",
                    "depends_on": [],
                    "primary": {
                        "id": "us6q6e",
                        "attributes": {
                            "id": "us6q6e",
                            "parent_id": "at6tcp",
                            "path": "/mintrequest/cet",
                            "path_part": "cet",
                            "rest_api_id": "u9d2pofs6g"
                        },
                        "meta": {
                            "schema_version": 0
                        },
                        "tainted": false
                    },
                    "deposed": [],
                    "provider": "provider.aws"
                },
                "aws_api_gateway_resource.tfer--v4ydtb": {
                    "type": "aws_api_gateway_resource",
                    "depends_on": [],
                    "primary": {
                        "id": "v4ydtb",
                        "attributes": {
                            "id": "v4ydtb",
                            "parent_id": "at6tcp",
                            "path": "/mintrequest/cru",
                            "path_part": "cru",
                            "rest_api_id": "u9d2pofs6g"
                        },
                        "meta": {
                            "schema_version": 0
                        },
                        "tainted": false
                    },
                    "deposed": [],
                    "provider": "provider.aws"
                },
                "aws_api_gateway_rest_api.tfer--u9d2pofs6g_Serapis": {
                    "type": "aws_api_gateway_rest_api",
                    "depends_on": [],
                    "primary": {
                        "id": "u9d2pofs6g",
                        "attributes": {
                            "api_key_source": "HEADER",
                            "arn": "arn:aws:apigateway:us-east-2::/restapis/u9d2pofs6g",
                            "binary_media_types.#": "0",
                            "created_date": "2024-07-23T16:57:23Z",
                            "description": "",
                            "disable_execute_api_endpoint": "false",
                            "endpoint_configuration.#": "1",
                            "endpoint_configuration.0.types.#": "1",
                            "endpoint_configuration.0.types.0": "REGIONAL",
                            "endpoint_configuration.0.vpc_endpoint_ids.#": "0",
                            "execution_arn": "arn:aws:execute-api:us-east-2:590184048547:u9d2pofs6g",
                            "id": "u9d2pofs6g",
                            "minimum_compression_size": "",
                            "name": "Serapis",
                            "policy": "",
                            "root_resource_id": "d9kaqx1pfa",
                            "tags.%": "0",
                            "tags_all.%": "0"
                        },
                        "meta": {
                            "schema_version": 0
                        },
                        "tainted": false
                    },
                    "deposed": [],
                    "provider": "provider.aws"
                },
                "aws_api_gateway_stage.tfer--u9d2pofs6g-002F-sbx": {
                    "type": "aws_api_gateway_stage",
                    "depends_on": [],
                    "primary": {
                        "id": "u9d2pofs6g/sbx",
                        "attributes": {
                            "access_log_settings.#": "0",
                            "arn": "arn:aws:apigateway:us-east-2::/restapis/u9d2pofs6g/stages/sbx",
                            "cache_cluster_enabled": "false",
                            "cache_cluster_size": "",
                            "canary_settings.#": "0",
                            "client_certificate_id": "",
                            "deployment_id": "88805y",
                            "description": "",
                            "documentation_version": "",
                            "execution_arn": "arn:aws:execute-api:us-east-2:590184048547:u9d2pofs6g/sbx",
                            "id": "u9d2pofs6g/sbx",
                            "invoke_url": "https://u9d2pofs6g.execute-api.us-east-2.amazonaws.com/sbx",
                            "rest_api_id": "u9d2pofs6g",
                            "stage_name": "sbx",
                            "tags.%": "0",
                            "tags_all.%": "0",
                            "variables.%": "0",
                            "web_acl_arn": "",
                            "xray_tracing_enabled": "false"
                        },
                        "meta": {
                            "schema_version": 0
                        },
                        "tainted": false
                    },
                    "deposed": [],
                    "provider": "provider.aws"
                },
                "aws_api_gateway_usage_plan.tfer--serapis_sbx_api": {
                    "type": "aws_api_gateway_usage_plan",
                    "depends_on": [],
                    "primary": {
                        "id": "v3iix6",
                        "attributes": {
                            "api_stages.#": "1",
                            "api_stages.0.api_id": "u9d2pofs6g",
                            "api_stages.0.stage": "sbx",
                            "api_stages.0.throttle.#": "0",
                            "arn": "arn:aws:apigateway:us-east-2::/usageplans/v3iix6",
                            "description": "",
                            "id": "v3iix6",
                            "name": "serapis_sbx_api",
                            "product_code": "",
                            "tags.%": "0",
                            "tags_all.%": "0"
                        },
                        "meta": {
                            "schema_version": 0
                        },
                        "tainted": false
                    },
                    "deposed": [],
                    "provider": "provider.aws"
                }
            },
            "depends_on": []
        }
    ]
}
